
Microsoft Visual Studio Solution File, Format Version 12.00
# Visual Studio Version 17
VisualStudioVersion = 17.4.33110.190
MinimumVisualStudioVersion = 10.0.40219.1
Project("{9A19103F-16F7-4668-BE54-9A1E7A4F7556}") = "Netcore7_Webpack5_React_Ts_Ant_Boilerplate", "Netcore7_Webpack5_React_Ts_Ant_Boilerplate.csproj", "{FCE10129-D421-4396-B633-3DE8D69ECD88}"
EndProject
Project("{9A19103F-16F7-4668-BE54-9A1E7A4F7556}") = "Robam_Sync", "..\Robam_Sync\Robam_Sync.csproj", "{4FB52E19-5BF3-4731-B29B-8FA87EACE9D3}"
EndProject
Global
	GlobalSection(SolutionConfigurationPlatforms) = preSolution
		Debug|Any CPU = Debug|Any CPU
		Release|Any CPU = Release|Any CPU
	EndGlobalSection
	GlobalSection(ProjectConfigurationPlatforms) = postSolution
		{FCE10129-D421-4396-B633-3DE8D69ECD88}.Debug|Any CPU.ActiveCfg = Debug|Any CPU
		{FCE10129-D421-4396-B633-3DE8D69ECD88}.Debug|Any CPU.Build.0 = Debug|Any CPU
		{FCE10129-D421-4396-B633-3DE8D69ECD88}.Release|Any CPU.ActiveCfg = Release|Any CPU
		{FCE10129-D421-4396-B633-3DE8D69ECD88}.Release|Any CPU.Build.0 = Release|Any CPU
		{4FB52E19-5BF3-4731-B29B-8FA87EACE9D3}.Debug|Any CPU.ActiveCfg = Debug|Any CPU
		{4FB52E19-5BF3-4731-B29B-8FA87EACE9D3}.Debug|Any CPU.Build.0 = Debug|Any CPU
		{4FB52E19-5BF3-4731-B29B-8FA87EACE9D3}.Release|Any CPU.ActiveCfg = Release|Any CPU
		{4FB52E19-5BF3-4731-B29B-8FA87EACE9D3}.Release|Any CPU.Build.0 = Release|Any CPU
	EndGlobalSection
	GlobalSection(SolutionProperties) = preSolution
		HideSolutionNode = FALSE
	EndGlobalSection
	GlobalSection(ExtensibilityGlobals) = postSolution
		SolutionGuid = {4E56FC61-B3F6-40BC-9B62-7ABDEB23C2F7}
	EndGlobalSection
EndGlobal
